
Microsoft Visual Studio Solution File, Format Version 12.00
# Visual Studio Version 17
VisualStudioVersion = 17.5.33424.131
MinimumVisualStudioVersion = 10.0.40219.1
Project("{2150E333-8FDC-42A3-9474-1A3956D46DE8}") = "FrontEnd", "FrontEnd", "{D0A7E606-FDA9-4510-8C2B-6BCD16B7A807}"
EndProject
Project("{2150E333-8FDC-42A3-9474-1A3956D46DE8}") = "Gateway", "Gateway", "{713733AA-72C2-4DDD-A170-4B1F537308B4}"
EndProject
Project("{2150E333-8FDC-42A3-9474-1A3956D46DE8}") = "Services", "Services", "{FAA2DA37-C253-4814-A554-F16A084FB4D0}"
EndProject
Project("{2150E333-8FDC-42A3-9474-1A3956D46DE8}") = "Intergration", "Intergration", "{D282020F-E892-412C-B50A-2CB247574BC2}"
EndProject
Project("{9A19103F-16F7-4668-BE54-9A1E7A4F7556}") = "Mango.Services.CouponAPI", "Mango.Services.CouponAPI\Mango.Services.CouponAPI.csproj", "{1B408AA6-A1CF-4A93-A6E5-11352D065A1B}"
EndProject
Project("{9A19103F-16F7-4668-BE54-9A1E7A4F7556}") = "Mango.Services.AuthAPI", "Mango.services.Auth.API\Mango.Services.AuthAPI.csproj", "{9A4B4B07-A583-4F01-BD65-D093A5C85E07}"
EndProject
Project("{FAE04EC0-301F-11D3-BF4B-00C04F79EFBC}") = "Mango.Services.ProductAPI", "Mango.Services.ProductAPI\Mango.Services.ProductAPI.csproj", "{386AA2F7-D67A-43AC-B1E3-350FB1B526F5}"
EndProject
Global
	GlobalSection(SolutionConfigurationPlatforms) = preSolution
		Debug|Any CPU = Debug|Any CPU
		Release|Any CPU = Release|Any CPU
	EndGlobalSection
	GlobalSection(ProjectConfigurationPlatforms) = postSolution
		{1B408AA6-A1CF-4A93-A6E5-11352D065A1B}.Debug|Any CPU.ActiveCfg = Debug|Any CPU
		{1B408AA6-A1CF-4A93-A6E5-11352D065A1B}.Debug|Any CPU.Build.0 = Debug|Any CPU
		{1B408AA6-A1CF-4A93-A6E5-11352D065A1B}.Release|Any CPU.ActiveCfg = Release|Any CPU
		{1B408AA6-A1CF-4A93-A6E5-11352D065A1B}.Release|Any CPU.Build.0 = Release|Any CPU
		{9A4B4B07-A583-4F01-BD65-D093A5C85E07}.Debug|Any CPU.ActiveCfg = Debug|Any CPU
		{9A4B4B07-A583-4F01-BD65-D093A5C85E07}.Debug|Any CPU.Build.0 = Debug|Any CPU
		{9A4B4B07-A583-4F01-BD65-D093A5C85E07}.Release|Any CPU.ActiveCfg = Release|Any CPU
		{9A4B4B07-A583-4F01-BD65-D093A5C85E07}.Release|Any CPU.Build.0 = Release|Any CPU
		{386AA2F7-D67A-43AC-B1E3-350FB1B526F5}.Debug|Any CPU.ActiveCfg = Debug|Any CPU
		{386AA2F7-D67A-43AC-B1E3-350FB1B526F5}.Debug|Any CPU.Build.0 = Debug|Any CPU
		{386AA2F7-D67A-43AC-B1E3-350FB1B526F5}.Release|Any CPU.ActiveCfg = Release|Any CPU
		{386AA2F7-D67A-43AC-B1E3-350FB1B526F5}.Release|Any CPU.Build.0 = Release|Any CPU
	EndGlobalSection
	GlobalSection(SolutionProperties) = preSolution
		HideSolutionNode = FALSE
	EndGlobalSection
	GlobalSection(NestedProjects) = preSolution
		{1B408AA6-A1CF-4A93-A6E5-11352D065A1B} = {FAA2DA37-C253-4814-A554-F16A084FB4D0}
		{9A4B4B07-A583-4F01-BD65-D093A5C85E07} = {FAA2DA37-C253-4814-A554-F16A084FB4D0}
		{386AA2F7-D67A-43AC-B1E3-350FB1B526F5} = {FAA2DA37-C253-4814-A554-F16A084FB4D0}
	EndGlobalSection
	GlobalSection(ExtensibilityGlobals) = postSolution
		SolutionGuid = {34A58EE9-02F1-47C5-B33A-2602168E2974}
	EndGlobalSection
EndGlobal
